// !$*UTF8*$!
{
	archiveVersion = 1;
	classes = {
	};
	objectVersion = 50;
	objects = {

/* Begin PBXBuildFile section */
		6650F27E25C4D2B600F47BB4 /* String+Stocks.swift in Sources */ = {isa = PBXBuildFile; fileRef = 6650F27D25C4D2B600F47BB4 /* String+Stocks.swift */; };
		6650F28325C4DD5B00F47BB4 /* UILabel+Configure.swift in Sources */ = {isa = PBXBuildFile; fileRef = 6650F28225C4DD5B00F47BB4 /* UILabel+Configure.swift */; };
		66EF4AC525C4B600005F6D06 /* AppDelegate.swift in Sources */ = {isa = PBXBuildFile; fileRef = 66EF4AC425C4B600005F6D06 /* AppDelegate.swift */; };
		66EF4AC925C4B600005F6D06 /* StocksViewController.swift in Sources */ = {isa = PBXBuildFile; fileRef = 66EF4AC825C4B600005F6D06 /* StocksViewController.swift */; };
		66EF4ACE25C4B604005F6D06 /* Assets.xcassets in Resources */ = {isa = PBXBuildFile; fileRef = 66EF4ACD25C4B604005F6D06 /* Assets.xcassets */; };
		66EF4AD125C4B604005F6D06 /* LaunchScreen.storyboard in Resources */ = {isa = PBXBuildFile; fileRef = 66EF4ACF25C4B604005F6D06 /* LaunchScreen.storyboard */; };
		66EF4ADC25C4B605005F6D06 /* TinkoffStocksTests.swift in Sources */ = {isa = PBXBuildFile; fileRef = 66EF4ADB25C4B605005F6D06 /* TinkoffStocksTests.swift */; };
		66EF4AE725C4B605005F6D06 /* TinkoffStocksUITests.swift in Sources */ = {isa = PBXBuildFile; fileRef = 66EF4AE625C4B605005F6D06 /* TinkoffStocksUITests.swift */; };
		66EF4B1125C4BDFF005F6D06 /* StocksPresenter.swift in Sources */ = {isa = PBXBuildFile; fileRef = 66EF4B1025C4BDFF005F6D06 /* StocksPresenter.swift */; };
		66EF4B1625C4BE0C005F6D06 /* StocksViewOutput.swift in Sources */ = {isa = PBXBuildFile; fileRef = 66EF4B1525C4BE0C005F6D06 /* StocksViewOutput.swift */; };
		66EF4B1B25C4BE1D005F6D06 /* StocksViewInput.swift in Sources */ = {isa = PBXBuildFile; fileRef = 66EF4B1A25C4BE1D005F6D06 /* StocksViewInput.swift */; };
		66EF4B2425C4BF5F005F6D06 /* StocksPresentationFactory.swift in Sources */ = {isa = PBXBuildFile; fileRef = 66EF4B2325C4BF5F005F6D06 /* StocksPresentationFactory.swift */; };
		66EF4B2C25C4C129005F6D06 /* DefaultPresentationsFactory.swift in Sources */ = {isa = PBXBuildFile; fileRef = 66EF4B2B25C4C129005F6D06 /* DefaultPresentationsFactory.swift */; };
		66EF4B3325C4C2ED005F6D06 /* UIColor+Stocks.swift in Sources */ = {isa = PBXBuildFile; fileRef = 66EF4B3225C4C2ED005F6D06 /* UIColor+Stocks.swift */; };
/* End PBXBuildFile section */

/* Begin PBXContainerItemProxy section */
		66EF4AD825C4B605005F6D06 /* PBXContainerItemProxy */ = {
			isa = PBXContainerItemProxy;
			containerPortal = 66EF4AB925C4B600005F6D06 /* Project object */;
			proxyType = 1;
			remoteGlobalIDString = 66EF4AC025C4B600005F6D06;
			remoteInfo = TinkoffStocks;
		};
		66EF4AE325C4B605005F6D06 /* PBXContainerItemProxy */ = {
			isa = PBXContainerItemProxy;
			containerPortal = 66EF4AB925C4B600005F6D06 /* Project object */;
			proxyType = 1;
			remoteGlobalIDString = 66EF4AC025C4B600005F6D06;
			remoteInfo = TinkoffStocks;
		};
/* End PBXContainerItemProxy section */

/* Begin PBXFileReference section */
		6650F27D25C4D2B600F47BB4 /* String+Stocks.swift */ = {isa = PBXFileReference; lastKnownFileType = sourcecode.swift; path = "String+Stocks.swift"; sourceTree = "<group>"; };
		6650F28225C4DD5B00F47BB4 /* UILabel+Configure.swift */ = {isa = PBXFileReference; lastKnownFileType = sourcecode.swift; path = "UILabel+Configure.swift"; sourceTree = "<group>"; };
		66EF4AC125C4B600005F6D06 /* TinkoffStocks.app */ = {isa = PBXFileReference; explicitFileType = wrapper.application; includeInIndex = 0; path = TinkoffStocks.app; sourceTree = BUILT_PRODUCTS_DIR; };
		66EF4AC425C4B600005F6D06 /* AppDelegate.swift */ = {isa = PBXFileReference; lastKnownFileType = sourcecode.swift; path = AppDelegate.swift; sourceTree = "<group>"; };
		66EF4AC825C4B600005F6D06 /* StocksViewController.swift */ = {isa = PBXFileReference; lastKnownFileType = sourcecode.swift; path = StocksViewController.swift; sourceTree = "<group>"; };
		66EF4ACD25C4B604005F6D06 /* Assets.xcassets */ = {isa = PBXFileReference; lastKnownFileType = folder.assetcatalog; path = Assets.xcassets; sourceTree = "<group>"; };
		66EF4AD025C4B604005F6D06 /* Base */ = {isa = PBXFileReference; lastKnownFileType = file.storyboard; name = Base; path = Base.lproj/LaunchScreen.storyboard; sourceTree = "<group>"; };
		66EF4AD225C4B604005F6D06 /* Info.plist */ = {isa = PBXFileReference; lastKnownFileType = text.plist.xml; path = Info.plist; sourceTree = "<group>"; };
		66EF4AD725C4B605005F6D06 /* TinkoffStocksTests.xctest */ = {isa = PBXFileReference; explicitFileType = wrapper.cfbundle; includeInIndex = 0; path = TinkoffStocksTests.xctest; sourceTree = BUILT_PRODUCTS_DIR; };
		66EF4ADB25C4B605005F6D06 /* TinkoffStocksTests.swift */ = {isa = PBXFileReference; lastKnownFileType = sourcecode.swift; path = TinkoffStocksTests.swift; sourceTree = "<group>"; };
		66EF4ADD25C4B605005F6D06 /* Info.plist */ = {isa = PBXFileReference; lastKnownFileType = text.plist.xml; path = Info.plist; sourceTree = "<group>"; };
		66EF4AE225C4B605005F6D06 /* TinkoffStocksUITests.xctest */ = {isa = PBXFileReference; explicitFileType = wrapper.cfbundle; includeInIndex = 0; path = TinkoffStocksUITests.xctest; sourceTree = BUILT_PRODUCTS_DIR; };
		66EF4AE625C4B605005F6D06 /* TinkoffStocksUITests.swift */ = {isa = PBXFileReference; lastKnownFileType = sourcecode.swift; path = TinkoffStocksUITests.swift; sourceTree = "<group>"; };
		66EF4AE825C4B605005F6D06 /* Info.plist */ = {isa = PBXFileReference; lastKnownFileType = text.plist.xml; path = Info.plist; sourceTree = "<group>"; };
		66EF4B1025C4BDFF005F6D06 /* StocksPresenter.swift */ = {isa = PBXFileReference; lastKnownFileType = sourcecode.swift; path = StocksPresenter.swift; sourceTree = "<group>"; };
		66EF4B1525C4BE0C005F6D06 /* StocksViewOutput.swift */ = {isa = PBXFileReference; lastKnownFileType = sourcecode.swift; path = StocksViewOutput.swift; sourceTree = "<group>"; };
		66EF4B1A25C4BE1D005F6D06 /* StocksViewInput.swift */ = {isa = PBXFileReference; lastKnownFileType = sourcecode.swift; path = StocksViewInput.swift; sourceTree = "<group>"; };
		66EF4B2325C4BF5F005F6D06 /* StocksPresentationFactory.swift */ = {isa = PBXFileReference; lastKnownFileType = sourcecode.swift; path = StocksPresentationFactory.swift; sourceTree = "<group>"; };
		66EF4B2B25C4C129005F6D06 /* DefaultPresentationsFactory.swift */ = {isa = PBXFileReference; lastKnownFileType = sourcecode.swift; path = DefaultPresentationsFactory.swift; sourceTree = "<group>"; };
		66EF4B3225C4C2ED005F6D06 /* UIColor+Stocks.swift */ = {isa = PBXFileReference; lastKnownFileType = sourcecode.swift; path = "UIColor+Stocks.swift"; sourceTree = "<group>"; };
/* End PBXFileReference section */

/* Begin PBXFrameworksBuildPhase section */
		66EF4ABE25C4B600005F6D06 /* Frameworks */ = {
			isa = PBXFrameworksBuildPhase;
			buildActionMask = 2147483647;
			files = (
			);
			runOnlyForDeploymentPostprocessing = 0;
		};
		66EF4AD425C4B605005F6D06 /* Frameworks */ = {
			isa = PBXFrameworksBuildPhase;
			buildActionMask = 2147483647;
			files = (
			);
			runOnlyForDeploymentPostprocessing = 0;
		};
		66EF4ADF25C4B605005F6D06 /* Frameworks */ = {
			isa = PBXFrameworksBuildPhase;
			buildActionMask = 2147483647;
			files = (
			);
			runOnlyForDeploymentPostprocessing = 0;
		};
/* End PBXFrameworksBuildPhase section */

/* Begin PBXGroup section */
		6650F27C25C4D2A300F47BB4 /* Foundation */ = {
			isa = PBXGroup;
			children = (
				6650F27D25C4D2B600F47BB4 /* String+Stocks.swift */,
			);
			path = Foundation;
			sourceTree = "<group>";
		};
		66EF4AB825C4B600005F6D06 = {
			isa = PBXGroup;
			children = (
				66EF4AC325C4B600005F6D06 /* TinkoffStocks */,
				66EF4ADA25C4B605005F6D06 /* TinkoffStocksTests */,
				66EF4AE525C4B605005F6D06 /* TinkoffStocksUITests */,
				66EF4AC225C4B600005F6D06 /* Products */,
			);
			sourceTree = "<group>";
		};
		66EF4AC225C4B600005F6D06 /* Products */ = {
			isa = PBXGroup;
			children = (
				66EF4AC125C4B600005F6D06 /* TinkoffStocks.app */,
				66EF4AD725C4B605005F6D06 /* TinkoffStocksTests.xctest */,
				66EF4AE225C4B605005F6D06 /* TinkoffStocksUITests.xctest */,
			);
			name = Products;
			sourceTree = "<group>";
		};
		66EF4AC325C4B600005F6D06 /* TinkoffStocks */ = {
			isa = PBXGroup;
			children = (
				66EF4B2025C4BF07005F6D06 /* Common */,
				66EF4B1F25C4BEFF005F6D06 /* Application */,
				66EF4B0025C4BDCA005F6D06 /* Presentation */,
				66EF4ACD25C4B604005F6D06 /* Assets.xcassets */,
				66EF4ACF25C4B604005F6D06 /* LaunchScreen.storyboard */,
				66EF4AD225C4B604005F6D06 /* Info.plist */,
			);
			path = TinkoffStocks;
			sourceTree = "<group>";
		};
		66EF4ADA25C4B605005F6D06 /* TinkoffStocksTests */ = {
			isa = PBXGroup;
			children = (
				66EF4ADB25C4B605005F6D06 /* TinkoffStocksTests.swift */,
				66EF4ADD25C4B605005F6D06 /* Info.plist */,
			);
			path = TinkoffStocksTests;
			sourceTree = "<group>";
		};
		66EF4AE525C4B605005F6D06 /* TinkoffStocksUITests */ = {
			isa = PBXGroup;
			children = (
				66EF4AE625C4B605005F6D06 /* TinkoffStocksUITests.swift */,
				66EF4AE825C4B605005F6D06 /* Info.plist */,
			);
			path = TinkoffStocksUITests;
			sourceTree = "<group>";
		};
		66EF4B0025C4BDCA005F6D06 /* Presentation */ = {
			isa = PBXGroup;
			children = (
				66EF4B0425C4BDD2005F6D06 /* Stocks */,
			);
			path = Presentation;
			sourceTree = "<group>";
		};
		66EF4B0425C4BDD2005F6D06 /* Stocks */ = {
			isa = PBXGroup;
			children = (
				66EF4B0B25C4BDE3005F6D06 /* View */,
				66EF4B0F25C4BDEB005F6D06 /* Presenter */,
			);
			path = Stocks;
			sourceTree = "<group>";
		};
		66EF4B0B25C4BDE3005F6D06 /* View */ = {
			isa = PBXGroup;
			children = (
				66EF4AC825C4B600005F6D06 /* StocksViewController.swift */,
				66EF4B1A25C4BE1D005F6D06 /* StocksViewInput.swift */,
				66EF4B1525C4BE0C005F6D06 /* StocksViewOutput.swift */,
			);
			path = View;
			sourceTree = "<group>";
		};
		66EF4B0F25C4BDEB005F6D06 /* Presenter */ = {
			isa = PBXGroup;
			children = (
				66EF4B1025C4BDFF005F6D06 /* StocksPresenter.swift */,
			);
			path = Presenter;
			sourceTree = "<group>";
		};
		66EF4B1F25C4BEFF005F6D06 /* Application */ = {
			isa = PBXGroup;
			children = (
				66EF4AC425C4B600005F6D06 /* AppDelegate.swift */,
			);
			path = Application;
			sourceTree = "<group>";
		};
		66EF4B2025C4BF07005F6D06 /* Common */ = {
			isa = PBXGroup;
			children = (
				66EF4B3025C4C2CD005F6D06 /* Extensions */,
				66EF4B2125C4BF0F005F6D06 /* Factories */,
			);
			path = Common;
			sourceTree = "<group>";
		};
		66EF4B2125C4BF0F005F6D06 /* Factories */ = {
			isa = PBXGroup;
			children = (
				66EF4B2225C4BF31005F6D06 /* Presentations */,
			);
			path = Factories;
			sourceTree = "<group>";
		};
		66EF4B2225C4BF31005F6D06 /* Presentations */ = {
			isa = PBXGroup;
			children = (
				66EF4B2325C4BF5F005F6D06 /* StocksPresentationFactory.swift */,
				66EF4B2B25C4C129005F6D06 /* DefaultPresentationsFactory.swift */,
			);
			path = Presentations;
			sourceTree = "<group>";
		};
		66EF4B3025C4C2CD005F6D06 /* Extensions */ = {
			isa = PBXGroup;
			children = (
				6650F27C25C4D2A300F47BB4 /* Foundation */,
				66EF4B3125C4C2D6005F6D06 /* UIKit */,
			);
			path = Extensions;
			sourceTree = "<group>";
		};
		66EF4B3125C4C2D6005F6D06 /* UIKit */ = {
			isa = PBXGroup;
			children = (
				66EF4B3225C4C2ED005F6D06 /* UIColor+Stocks.swift */,
				6650F28225C4DD5B00F47BB4 /* UILabel+Configure.swift */,
			);
			path = UIKit;
			sourceTree = "<group>";
		};
/* End PBXGroup section */

/* Begin PBXNativeTarget section */
		66EF4AC025C4B600005F6D06 /* TinkoffStocks */ = {
			isa = PBXNativeTarget;
			buildConfigurationList = 66EF4AEB25C4B605005F6D06 /* Build configuration list for PBXNativeTarget "TinkoffStocks" */;
			buildPhases = (
				66EF4ABD25C4B600005F6D06 /* Sources */,
				66EF4ABE25C4B600005F6D06 /* Frameworks */,
				66EF4ABF25C4B600005F6D06 /* Resources */,
			);
			buildRules = (
			);
			dependencies = (
			);
			name = TinkoffStocks;
			productName = TinkoffStocks;
			productReference = 66EF4AC125C4B600005F6D06 /* TinkoffStocks.app */;
			productType = "com.apple.product-type.application";
		};
		66EF4AD625C4B605005F6D06 /* TinkoffStocksTests */ = {
			isa = PBXNativeTarget;
			buildConfigurationList = 66EF4AEE25C4B605005F6D06 /* Build configuration list for PBXNativeTarget "TinkoffStocksTests" */;
			buildPhases = (
				66EF4AD325C4B605005F6D06 /* Sources */,
				66EF4AD425C4B605005F6D06 /* Frameworks */,
				66EF4AD525C4B605005F6D06 /* Resources */,
			);
			buildRules = (
			);
			dependencies = (
				66EF4AD925C4B605005F6D06 /* PBXTargetDependency */,
			);
			name = TinkoffStocksTests;
			productName = TinkoffStocksTests;
			productReference = 66EF4AD725C4B605005F6D06 /* TinkoffStocksTests.xctest */;
			productType = "com.apple.product-type.bundle.unit-test";
		};
		66EF4AE125C4B605005F6D06 /* TinkoffStocksUITests */ = {
			isa = PBXNativeTarget;
			buildConfigurationList = 66EF4AF125C4B605005F6D06 /* Build configuration list for PBXNativeTarget "TinkoffStocksUITests" */;
			buildPhases = (
				66EF4ADE25C4B605005F6D06 /* Sources */,
				66EF4ADF25C4B605005F6D06 /* Frameworks */,
				66EF4AE025C4B605005F6D06 /* Resources */,
			);
			buildRules = (
			);
			dependencies = (
				66EF4AE425C4B605005F6D06 /* PBXTargetDependency */,
			);
			name = TinkoffStocksUITests;
			productName = TinkoffStocksUITests;
			productReference = 66EF4AE225C4B605005F6D06 /* TinkoffStocksUITests.xctest */;
			productType = "com.apple.product-type.bundle.ui-testing";
		};
/* End PBXNativeTarget section */

/* Begin PBXProject section */
		66EF4AB925C4B600005F6D06 /* Project object */ = {
			isa = PBXProject;
			attributes = {
				LastSwiftUpdateCheck = 1220;
				LastUpgradeCheck = 1220;
				TargetAttributes = {
					66EF4AC025C4B600005F6D06 = {
						CreatedOnToolsVersion = 12.2;
					};
					66EF4AD625C4B605005F6D06 = {
						CreatedOnToolsVersion = 12.2;
						TestTargetID = 66EF4AC025C4B600005F6D06;
					};
					66EF4AE125C4B605005F6D06 = {
						CreatedOnToolsVersion = 12.2;
						TestTargetID = 66EF4AC025C4B600005F6D06;
					};
				};
			};
			buildConfigurationList = 66EF4ABC25C4B600005F6D06 /* Build configuration list for PBXProject "TinkoffStocks" */;
			compatibilityVersion = "Xcode 9.3";
			developmentRegion = en;
			hasScannedForEncodings = 0;
			knownRegions = (
				en,
				Base,
			);
			mainGroup = 66EF4AB825C4B600005F6D06;
			productRefGroup = 66EF4AC225C4B600005F6D06 /* Products */;
			projectDirPath = "";
			projectRoot = "";
			targets = (
				66EF4AC025C4B600005F6D06 /* TinkoffStocks */,
				66EF4AD625C4B605005F6D06 /* TinkoffStocksTests */,
				66EF4AE125C4B605005F6D06 /* TinkoffStocksUITests */,
			);
		};
/* End PBXProject section */

/* Begin PBXResourcesBuildPhase section */
		66EF4ABF25C4B600005F6D06 /* Resources */ = {
			isa = PBXResourcesBuildPhase;
			buildActionMask = 2147483647;
			files = (
				66EF4AD125C4B604005F6D06 /* LaunchScreen.storyboard in Resources */,
				66EF4ACE25C4B604005F6D06 /* Assets.xcassets in Resources */,
			);
			runOnlyForDeploymentPostprocessing = 0;
		};
		66EF4AD525C4B605005F6D06 /* Resources */ = {
			isa = PBXResourcesBuildPhase;
			buildActionMask = 2147483647;
			files = (
			);
			runOnlyForDeploymentPostprocessing = 0;
		};
		66EF4AE025C4B605005F6D06 /* Resources */ = {
			isa = PBXResourcesBuildPhase;
			buildActionMask = 2147483647;
			files = (
			);
			runOnlyForDeploymentPostprocessing = 0;
		};
/* End PBXResourcesBuildPhase section */

/* Begin PBXSourcesBuildPhase section */
		66EF4ABD25C4B600005F6D06 /* Sources */ = {
			isa = PBXSourcesBuildPhase;
			buildActionMask = 2147483647;
			files = (
				66EF4B1625C4BE0C005F6D06 /* StocksViewOutput.swift in Sources */,
				66EF4B1125C4BDFF005F6D06 /* StocksPresenter.swift in Sources */,
				66EF4B1B25C4BE1D005F6D06 /* StocksViewInput.swift in Sources */,
				66EF4B2C25C4C129005F6D06 /* DefaultPresentationsFactory.swift in Sources */,
				6650F27E25C4D2B600F47BB4 /* String+Stocks.swift in Sources */,
				66EF4B2425C4BF5F005F6D06 /* StocksPresentationFactory.swift in Sources */,
				66EF4AC925C4B600005F6D06 /* StocksViewController.swift in Sources */,
				66EF4B3325C4C2ED005F6D06 /* UIColor+Stocks.swift in Sources */,
				66EF4AC525C4B600005F6D06 /* AppDelegate.swift in Sources */,
				6650F28325C4DD5B00F47BB4 /* UILabel+Configure.swift in Sources */,
			);
			runOnlyForDeploymentPostprocessing = 0;
		};
		66EF4AD325C4B605005F6D06 /* Sources */ = {
			isa = PBXSourcesBuildPhase;
			buildActionMask = 2147483647;
			files = (
				66EF4ADC25C4B605005F6D06 /* TinkoffStocksTests.swift in Sources */,
			);
			runOnlyForDeploymentPostprocessing = 0;
		};
		66EF4ADE25C4B605005F6D06 /* Sources */ = {
			isa = PBXSourcesBuildPhase;
			buildActionMask = 2147483647;
			files = (
				66EF4AE725C4B605005F6D06 /* TinkoffStocksUITests.swift in Sources */,
			);
			runOnlyForDeploymentPostprocessing = 0;
		};
/* End PBXSourcesBuildPhase section */

/* Begin PBXTargetDependency section */
		66EF4AD925C4B605005F6D06 /* PBXTargetDependency */ = {
			isa = PBXTargetDependency;
			target = 66EF4AC025C4B600005F6D06 /* TinkoffStocks */;
			targetProxy = 66EF4AD825C4B605005F6D06 /* PBXContainerItemProxy */;
		};
		66EF4AE425C4B605005F6D06 /* PBXTargetDependency */ = {
			isa = PBXTargetDependency;
			target = 66EF4AC025C4B600005F6D06 /* TinkoffStocks */;
			targetProxy = 66EF4AE325C4B605005F6D06 /* PBXContainerItemProxy */;
		};
/* End PBXTargetDependency section */

/* Begin PBXVariantGroup section */
		66EF4ACF25C4B604005F6D06 /* LaunchScreen.storyboard */ = {
			isa = PBXVariantGroup;
			children = (
				66EF4AD025C4B604005F6D06 /* Base */,
			);
			name = LaunchScreen.storyboard;
			sourceTree = "<group>";
		};
/* End PBXVariantGroup section */

/* Begin XCBuildConfiguration section */
		66EF4AE925C4B605005F6D06 /* Debug */ = {
			isa = XCBuildConfiguration;
			buildSettings = {
				ALWAYS_SEARCH_USER_PATHS = NO;
				CLANG_ANALYZER_NONNULL = YES;
				CLANG_ANALYZER_NUMBER_OBJECT_CONVERSION = YES_AGGRESSIVE;
				CLANG_CXX_LANGUAGE_STANDARD = "gnu++14";
				CLANG_CXX_LIBRARY = "libc++";
				CLANG_ENABLE_MODULES = YES;
				CLANG_ENABLE_OBJC_ARC = YES;
				CLANG_ENABLE_OBJC_WEAK = YES;
				CLANG_WARN_BLOCK_CAPTURE_AUTORELEASING = YES;
				CLANG_WARN_BOOL_CONVERSION = YES;
				CLANG_WARN_COMMA = YES;
				CLANG_WARN_CONSTANT_CONVERSION = YES;
				CLANG_WARN_DEPRECATED_OBJC_IMPLEMENTATIONS = YES;
				CLANG_WARN_DIRECT_OBJC_ISA_USAGE = YES_ERROR;
				CLANG_WARN_DOCUMENTATION_COMMENTS = YES;
				CLANG_WARN_EMPTY_BODY = YES;
				CLANG_WARN_ENUM_CONVERSION = YES;
				CLANG_WARN_INFINITE_RECURSION = YES;
				CLANG_WARN_INT_CONVERSION = YES;
				CLANG_WARN_NON_LITERAL_NULL_CONVERSION = YES;
				CLANG_WARN_OBJC_IMPLICIT_RETAIN_SELF = YES;
				CLANG_WARN_OBJC_LITERAL_CONVERSION = YES;
				CLANG_WARN_OBJC_ROOT_CLASS = YES_ERROR;
				CLANG_WARN_QUOTED_INCLUDE_IN_FRAMEWORK_HEADER = YES;
				CLANG_WARN_RANGE_LOOP_ANALYSIS = YES;
				CLANG_WARN_STRICT_PROTOTYPES = YES;
				CLANG_WARN_SUSPICIOUS_MOVE = YES;
				CLANG_WARN_UNGUARDED_AVAILABILITY = YES_AGGRESSIVE;
				CLANG_WARN_UNREACHABLE_CODE = YES;
				CLANG_WARN__DUPLICATE_METHOD_MATCH = YES;
				COPY_PHASE_STRIP = NO;
				DEBUG_INFORMATION_FORMAT = dwarf;
				ENABLE_STRICT_OBJC_MSGSEND = YES;
				ENABLE_TESTABILITY = YES;
				GCC_C_LANGUAGE_STANDARD = gnu11;
				GCC_DYNAMIC_NO_PIC = NO;
				GCC_NO_COMMON_BLOCKS = YES;
				GCC_OPTIMIZATION_LEVEL = 0;
				GCC_PREPROCESSOR_DEFINITIONS = (
					"DEBUG=1",
					"$(inherited)",
				);
				GCC_WARN_64_TO_32_BIT_CONVERSION = YES;
				GCC_WARN_ABOUT_RETURN_TYPE = YES_ERROR;
				GCC_WARN_UNDECLARED_SELECTOR = YES;
				GCC_WARN_UNINITIALIZED_AUTOS = YES_AGGRESSIVE;
				GCC_WARN_UNUSED_FUNCTION = YES;
				GCC_WARN_UNUSED_VARIABLE = YES;
				IPHONEOS_DEPLOYMENT_TARGET = 12.0;
				MTL_ENABLE_DEBUG_INFO = INCLUDE_SOURCE;
				MTL_FAST_MATH = YES;
				ONLY_ACTIVE_ARCH = YES;
				SDKROOT = iphoneos;
				SWIFT_ACTIVE_COMPILATION_CONDITIONS = DEBUG;
				SWIFT_OPTIMIZATION_LEVEL = "-Onone";
			};
			name = Debug;
		};
		66EF4AEA25C4B605005F6D06 /* Release */ = {
			isa = XCBuildConfiguration;
			buildSettings = {
				ALWAYS_SEARCH_USER_PATHS = NO;
				CLANG_ANALYZER_NONNULL = YES;
				CLANG_ANALYZER_NUMBER_OBJECT_CONVERSION = YES_AGGRESSIVE;
				CLANG_CXX_LANGUAGE_STANDARD = "gnu++14";
				CLANG_CXX_LIBRARY = "libc++";
				CLANG_ENABLE_MODULES = YES;
				CLANG_ENABLE_OBJC_ARC = YES;
				CLANG_ENABLE_OBJC_WEAK = YES;
				CLANG_WARN_BLOCK_CAPTURE_AUTORELEASING = YES;
				CLANG_WARN_BOOL_CONVERSION = YES;
				CLANG_WARN_COMMA = YES;
				CLANG_WARN_CONSTANT_CONVERSION = YES;
				CLANG_WARN_DEPRECATED_OBJC_IMPLEMENTATIONS = YES;
				CLANG_WARN_DIRECT_OBJC_ISA_USAGE = YES_ERROR;
				CLANG_WARN_DOCUMENTATION_COMMENTS = YES;
				CLANG_WARN_EMPTY_BODY = YES;
				CLANG_WARN_ENUM_CONVERSION = YES;
				CLANG_WARN_INFINITE_RECURSION = YES;
				CLANG_WARN_INT_CONVERSION = YES;
				CLANG_WARN_NON_LITERAL_NULL_CONVERSION = YES;
				CLANG_WARN_OBJC_IMPLICIT_RETAIN_SELF = YES;
				CLANG_WARN_OBJC_LITERAL_CONVERSION = YES;
				CLANG_WARN_OBJC_ROOT_CLASS = YES_ERROR;
				CLANG_WARN_QUOTED_INCLUDE_IN_FRAMEWORK_HEADER = YES;
				CLANG_WARN_RANGE_LOOP_ANALYSIS = YES;
				CLANG_WARN_STRICT_PROTOTYPES = YES;
				CLANG_WARN_SUSPICIOUS_MOVE = YES;
				CLANG_WARN_UNGUARDED_AVAILABILITY = YES_AGGRESSIVE;
				CLANG_WARN_UNREACHABLE_CODE = YES;
				CLANG_WARN__DUPLICATE_METHOD_MATCH = YES;
				COPY_PHASE_STRIP = NO;
				DEBUG_INFORMATION_FORMAT = "dwarf-with-dsym";
				ENABLE_NS_ASSERTIONS = NO;
				ENABLE_STRICT_OBJC_MSGSEND = YES;
				GCC_C_LANGUAGE_STANDARD = gnu11;
				GCC_NO_COMMON_BLOCKS = YES;
				GCC_WARN_64_TO_32_BIT_CONVERSION = YES;
				GCC_WARN_ABOUT_RETURN_TYPE = YES_ERROR;
				GCC_WARN_UNDECLARED_SELECTOR = YES;
				GCC_WARN_UNINITIALIZED_AUTOS = YES_AGGRESSIVE;
				GCC_WARN_UNUSED_FUNCTION = YES;
				GCC_WARN_UNUSED_VARIABLE = YES;
				IPHONEOS_DEPLOYMENT_TARGET = 12.0;
				MTL_ENABLE_DEBUG_INFO = NO;
				MTL_FAST_MATH = YES;
				SDKROOT = iphoneos;
				SWIFT_COMPILATION_MODE = wholemodule;
				SWIFT_OPTIMIZATION_LEVEL = "-O";
				VALIDATE_PRODUCT = YES;
			};
			name = Release;
		};
		66EF4AEC25C4B605005F6D06 /* Debug */ = {
			isa = XCBuildConfiguration;
			buildSettings = {
				ASSETCATALOG_COMPILER_APPICON_NAME = AppIcon;
				ASSETCATALOG_COMPILER_GLOBAL_ACCENT_COLOR_NAME = AccentColor;
				CODE_SIGN_STYLE = Automatic;
				DEVELOPMENT_TEAM = CXDT86GZ7C;
				INFOPLIST_FILE = TinkoffStocks/Info.plist;
				IPHONEOS_DEPLOYMENT_TARGET = 12.0;
				LD_RUNPATH_SEARCH_PATHS = (
					"$(inherited)",
					"@executable_path/Frameworks",
				);
				PRODUCT_BUNDLE_IDENTIFIER = dzhamall.TinkoffStocks;
				PRODUCT_NAME = "$(TARGET_NAME)";
				SWIFT_VERSION = 5.0;
				TARGETED_DEVICE_FAMILY = 1;
			};
			name = Debug;
		};
		66EF4AED25C4B605005F6D06 /* Release */ = {
			isa = XCBuildConfiguration;
			buildSettings = {
				ASSETCATALOG_COMPILER_APPICON_NAME = AppIcon;
				ASSETCATALOG_COMPILER_GLOBAL_ACCENT_COLOR_NAME = AccentColor;
				CODE_SIGN_STYLE = Automatic;
				DEVELOPMENT_TEAM = CXDT86GZ7C;
				INFOPLIST_FILE = TinkoffStocks/Info.plist;
				IPHONEOS_DEPLOYMENT_TARGET = 12.0;
				LD_RUNPATH_SEARCH_PATHS = (
					"$(inherited)",
					"@executable_path/Frameworks",
				);
				PRODUCT_BUNDLE_IDENTIFIER = dzhamall.TinkoffStocks;
				PRODUCT_NAME = "$(TARGET_NAME)";
				SWIFT_VERSION = 5.0;
				TARGETED_DEVICE_FAMILY = 1;
			};
			name = Release;
		};
		66EF4AEF25C4B605005F6D06 /* Debug */ = {
			isa = XCBuildConfiguration;
			buildSettings = {
				ALWAYS_EMBED_SWIFT_STANDARD_LIBRARIES = YES;
				BUNDLE_LOADER = "$(TEST_HOST)";
				CODE_SIGN_STYLE = Automatic;
				DEVELOPMENT_TEAM = CXDT86GZ7C;
				INFOPLIST_FILE = TinkoffStocksTests/Info.plist;
				IPHONEOS_DEPLOYMENT_TARGET = 14.2;
				LD_RUNPATH_SEARCH_PATHS = (
					"$(inherited)",
					"@executable_path/Frameworks",
					"@loader_path/Frameworks",
				);
				PRODUCT_BUNDLE_IDENTIFIER = dzhamall.TinkoffStocksTests;
				PRODUCT_NAME = "$(TARGET_NAME)";
				SWIFT_VERSION = 5.0;
				TARGETED_DEVICE_FAMILY = "1,2";
				TEST_HOST = "$(BUILT_PRODUCTS_DIR)/TinkoffStocks.app/TinkoffStocks";
			};
			name = Debug;
		};
		66EF4AF025C4B605005F6D06 /* Release */ = {
			isa = XCBuildConfiguration;
			buildSettings = {
				ALWAYS_EMBED_SWIFT_STANDARD_LIBRARIES = YES;
				BUNDLE_LOADER = "$(TEST_HOST)";
				CODE_SIGN_STYLE = Automatic;
				DEVELOPMENT_TEAM = CXDT86GZ7C;
				INFOPLIST_FILE = TinkoffStocksTests/Info.plist;
				IPHONEOS_DEPLOYMENT_TARGET = 14.2;
				LD_RUNPATH_SEARCH_PATHS = (
					"$(inherited)",
					"@executable_path/Frameworks",
					"@loader_path/Frameworks",
				);
				PRODUCT_BUNDLE_IDENTIFIER = dzhamall.TinkoffStocksTests;
				PRODUCT_NAME = "$(TARGET_NAME)";
				SWIFT_VERSION = 5.0;
				TARGETED_DEVICE_FAMILY = "1,2";
				TEST_HOST = "$(BUILT_PRODUCTS_DIR)/TinkoffStocks.app/TinkoffStocks";
			};
			name = Release;
		};
		66EF4AF225C4B605005F6D06 /* Debug */ = {
			isa = XCBuildConfiguration;
			buildSettings = {
				ALWAYS_EMBED_SWIFT_STANDARD_LIBRARIES = YES;
				CODE_SIGN_STYLE = Automatic;
				DEVELOPMENT_TEAM = CXDT86GZ7C;
				INFOPLIST_FILE = TinkoffStocksUITests/Info.plist;
				LD_RUNPATH_SEARCH_PATHS = (
					"$(inherited)",
					"@executable_path/Frameworks",
					"@loader_path/Frameworks",
				);
				PRODUCT_BUNDLE_IDENTIFIER = dzhamall.TinkoffStocksUITests;
				PRODUCT_NAME = "$(TARGET_NAME)";
				SWIFT_VERSION = 5.0;
				TARGETED_DEVICE_FAMILY = "1,2";
				TEST_TARGET_NAME = TinkoffStocks;
			};
			name = Debug;
		};
		66EF4AF325C4B605005F6D06 /* Release */ = {
			isa = XCBuildConfiguration;
			buildSettings = {
				ALWAYS_EMBED_SWIFT_STANDARD_LIBRARIES = YES;
				CODE_SIGN_STYLE = Automatic;
				DEVELOPMENT_TEAM = CXDT86GZ7C;
				INFOPLIST_FILE = TinkoffStocksUITests/Info.plist;
				LD_RUNPATH_SEARCH_PATHS = (
					"$(inherited)",
					"@executable_path/Frameworks",
					"@loader_path/Frameworks",
				);
				PRODUCT_BUNDLE_IDENTIFIER = dzhamall.TinkoffStocksUITests;
				PRODUCT_NAME = "$(TARGET_NAME)";
				SWIFT_VERSION = 5.0;
				TARGETED_DEVICE_FAMILY = "1,2";
				TEST_TARGET_NAME = TinkoffStocks;
			};
			name = Release;
		};
/* End XCBuildConfiguration section */

/* Begin XCConfigurationList section */
		66EF4ABC25C4B600005F6D06 /* Build configuration list for PBXProject "TinkoffStocks" */ = {
			isa = XCConfigurationList;
			buildConfigurations = (
				66EF4AE925C4B605005F6D06 /* Debug */,
				66EF4AEA25C4B605005F6D06 /* Release */,
			);
			defaultConfigurationIsVisible = 0;
			defaultConfigurationName = Release;
		};
		66EF4AEB25C4B605005F6D06 /* Build configuration list for PBXNativeTarget "TinkoffStocks" */ = {
			isa = XCConfigurationList;
			buildConfigurations = (
				66EF4AEC25C4B605005F6D06 /* Debug */,
				66EF4AED25C4B605005F6D06 /* Release */,
			);
			defaultConfigurationIsVisible = 0;
			defaultConfigurationName = Release;
		};
		66EF4AEE25C4B605005F6D06 /* Build configuration list for PBXNativeTarget "TinkoffStocksTests" */ = {
			isa = XCConfigurationList;
			buildConfigurations = (
				66EF4AEF25C4B605005F6D06 /* Debug */,
				66EF4AF025C4B605005F6D06 /* Release */,
			);
			defaultConfigurationIsVisible = 0;
			defaultConfigurationName = Release;
		};
		66EF4AF125C4B605005F6D06 /* Build configuration list for PBXNativeTarget "TinkoffStocksUITests" */ = {
			isa = XCConfigurationList;
			buildConfigurations = (
				66EF4AF225C4B605005F6D06 /* Debug */,
				66EF4AF325C4B605005F6D06 /* Release */,
			);
			defaultConfigurationIsVisible = 0;
			defaultConfigurationName = Release;
		};
/* End XCConfigurationList section */
	};
	rootObject = 66EF4AB925C4B600005F6D06 /* Project object */;
}
